<?xml version="1.0" encoding="UTF-8"?>
<Project ToolsVersion="12.0" xmlns="http://schemas.microsoft.com/developer/msbuild/2003">
  <ItemGroup>
    <CustomBuild Include="C:\Users\Sambuddha Ghosal\Documents\HCI-557-CG\HW3\CMakeFiles\87590ca383f864baa2221eb9c2d1ade7\generate.stamp.rule">
      <Filter>CMake Rules</Filter>
    </CustomBuild>
  </ItemGroup>
  <ItemGroup>
    <Filter Include="CMake Rules">
      <UniqueIdentifier>{25D06B66-4504-3F60-BDCF-E0C51475A469}</UniqueIdentifier>
    </Filter>
  </ItemGroup>
</Project>
